
Microsoft Visual Studio Solution File, Format Version 12.00
# Visual Studio 15
VisualStudioVersion = 15.0.27130.2027
MinimumVisualStudioVersion = 10.0.40219.1
Project("{FAE04EC0-301F-11D3-BF4B-00C04F79EFBC}") = "guess-the-number", "guess-the-number\guess-the-number.csproj", "{3F7E9049-FCAE-4E06-9851-A0EE62DE58AF}"
EndProject
Global
	GlobalSection(SolutionConfigurationPlatforms) = preSolution
		Debug|Any CPU = Debug|Any CPU
		Release|Any CPU = Release|Any CPU
	EndGlobalSection
	GlobalSection(ProjectConfigurationPlatforms) = postSolution
		{3F7E9049-FCAE-4E06-9851-A0EE62DE58AF}.Debug|Any CPU.ActiveCfg = Debug|Any CPU
		{3F7E9049-FCAE-4E06-9851-A0EE62DE58AF}.Debug|Any CPU.Build.0 = Debug|Any CPU
		{3F7E9049-FCAE-4E06-9851-A0EE62DE58AF}.Release|Any CPU.ActiveCfg = Release|Any CPU
		{3F7E9049-FCAE-4E06-9851-A0EE62DE58AF}.Release|Any CPU.Build.0 = Release|Any CPU
	EndGlobalSection
	GlobalSection(SolutionProperties) = preSolution
		HideSolutionNode = FALSE
	EndGlobalSection
	GlobalSection(ExtensibilityGlobals) = postSolution
		SolutionGuid = {FE4A0EE7-37D1-4A26-BDC2-42F69519141B}
	EndGlobalSection
EndGlobal
