
Microsoft Visual Studio Solution File, Format Version 12.00
# Visual Studio 15
VisualStudioVersion = 15.0.27130.2027
MinimumVisualStudioVersion = 10.0.40219.1
Project("{FAE04EC0-301F-11D3-BF4B-00C04F79EFBC}") = "Poker", "Poker\Poker.csproj", "{9BA28618-0372-4B02-8E7A-3E15121DB2FE}"
EndProject
Project("{FAE04EC0-301F-11D3-BF4B-00C04F79EFBC}") = "Test", "Test\Test.csproj", "{CEA1FF62-1553-4592-9EE7-B49A9B1DA14B}"
EndProject
Global
	GlobalSection(SolutionConfigurationPlatforms) = preSolution
		Debug|Any CPU = Debug|Any CPU
		Release|Any CPU = Release|Any CPU
	EndGlobalSection
	GlobalSection(ProjectConfigurationPlatforms) = postSolution
		{9BA28618-0372-4B02-8E7A-3E15121DB2FE}.Debug|Any CPU.ActiveCfg = Debug|Any CPU
		{9BA28618-0372-4B02-8E7A-3E15121DB2FE}.Debug|Any CPU.Build.0 = Debug|Any CPU
		{9BA28618-0372-4B02-8E7A-3E15121DB2FE}.Release|Any CPU.ActiveCfg = Release|Any CPU
		{9BA28618-0372-4B02-8E7A-3E15121DB2FE}.Release|Any CPU.Build.0 = Release|Any CPU
		{CEA1FF62-1553-4592-9EE7-B49A9B1DA14B}.Debug|Any CPU.ActiveCfg = Debug|Any CPU
		{CEA1FF62-1553-4592-9EE7-B49A9B1DA14B}.Debug|Any CPU.Build.0 = Debug|Any CPU
		{CEA1FF62-1553-4592-9EE7-B49A9B1DA14B}.Release|Any CPU.ActiveCfg = Release|Any CPU
		{CEA1FF62-1553-4592-9EE7-B49A9B1DA14B}.Release|Any CPU.Build.0 = Release|Any CPU
	EndGlobalSection
	GlobalSection(SolutionProperties) = preSolution
		HideSolutionNode = FALSE
	EndGlobalSection
	GlobalSection(ExtensibilityGlobals) = postSolution
		SolutionGuid = {70F2E382-D754-4F8B-BD5B-5900FEC65BE9}
	EndGlobalSection
EndGlobal
