
Microsoft Visual Studio Solution File, Format Version 12.00
# Visual Studio 15
VisualStudioVersion = 15.0.27130.2027
MinimumVisualStudioVersion = 10.0.40219.1
Project("{FAE04EC0-301F-11D3-BF4B-00C04F79EFBC}") = "Exercise7", "Exercise7\Exercise7.csproj", "{048F5A82-4C9F-4E51-97C2-413E877F974E}"
EndProject
Global
	GlobalSection(SolutionConfigurationPlatforms) = preSolution
		Debug|Any CPU = Debug|Any CPU
		Release|Any CPU = Release|Any CPU
	EndGlobalSection
	GlobalSection(ProjectConfigurationPlatforms) = postSolution
		{048F5A82-4C9F-4E51-97C2-413E877F974E}.Debug|Any CPU.ActiveCfg = Debug|Any CPU
		{048F5A82-4C9F-4E51-97C2-413E877F974E}.Debug|Any CPU.Build.0 = Debug|Any CPU
		{048F5A82-4C9F-4E51-97C2-413E877F974E}.Release|Any CPU.ActiveCfg = Release|Any CPU
		{048F5A82-4C9F-4E51-97C2-413E877F974E}.Release|Any CPU.Build.0 = Release|Any CPU
	EndGlobalSection
	GlobalSection(SolutionProperties) = preSolution
		HideSolutionNode = FALSE
	EndGlobalSection
	GlobalSection(ExtensibilityGlobals) = postSolution
		SolutionGuid = {6C48F302-48CD-4AAE-A487-6C1244D664B8}
	EndGlobalSection
EndGlobal
