
Microsoft Visual Studio Solution File, Format Version 12.00
# Visual Studio 15
VisualStudioVersion = 15.0.27130.2027
MinimumVisualStudioVersion = 10.0.40219.1
Project("{FAE04EC0-301F-11D3-BF4B-00C04F79EFBC}") = "define-basic-info", "define-basic-info\define-basic-info.csproj", "{DAF6B290-6848-4FAC-9EF8-737043B79514}"
EndProject
Global
	GlobalSection(SolutionConfigurationPlatforms) = preSolution
		Debug|Any CPU = Debug|Any CPU
		Release|Any CPU = Release|Any CPU
	EndGlobalSection
	GlobalSection(ProjectConfigurationPlatforms) = postSolution
		{DAF6B290-6848-4FAC-9EF8-737043B79514}.Debug|Any CPU.ActiveCfg = Debug|Any CPU
		{DAF6B290-6848-4FAC-9EF8-737043B79514}.Debug|Any CPU.Build.0 = Debug|Any CPU
		{DAF6B290-6848-4FAC-9EF8-737043B79514}.Release|Any CPU.ActiveCfg = Release|Any CPU
		{DAF6B290-6848-4FAC-9EF8-737043B79514}.Release|Any CPU.Build.0 = Release|Any CPU
	EndGlobalSection
	GlobalSection(SolutionProperties) = preSolution
		HideSolutionNode = FALSE
	EndGlobalSection
	GlobalSection(ExtensibilityGlobals) = postSolution
		SolutionGuid = {241CCB18-D57A-4095-9737-7EF3E666E9C7}
	EndGlobalSection
EndGlobal
