
Microsoft Visual Studio Solution File, Format Version 12.00
# Visual Studio 15
VisualStudioVersion = 15.0.27130.2027
MinimumVisualStudioVersion = 10.0.40219.1
Project("{FAE04EC0-301F-11D3-BF4B-00C04F79EFBC}") = "draw-pyramid-new", "draw-pyramid-new\draw-pyramid-new.csproj", "{132FEAEB-9A88-46D0-B126-A12E285D32D3}"
EndProject
Global
	GlobalSection(SolutionConfigurationPlatforms) = preSolution
		Debug|Any CPU = Debug|Any CPU
		Release|Any CPU = Release|Any CPU
	EndGlobalSection
	GlobalSection(ProjectConfigurationPlatforms) = postSolution
		{132FEAEB-9A88-46D0-B126-A12E285D32D3}.Debug|Any CPU.ActiveCfg = Debug|Any CPU
		{132FEAEB-9A88-46D0-B126-A12E285D32D3}.Debug|Any CPU.Build.0 = Debug|Any CPU
		{132FEAEB-9A88-46D0-B126-A12E285D32D3}.Release|Any CPU.ActiveCfg = Release|Any CPU
		{132FEAEB-9A88-46D0-B126-A12E285D32D3}.Release|Any CPU.Build.0 = Release|Any CPU
	EndGlobalSection
	GlobalSection(SolutionProperties) = preSolution
		HideSolutionNode = FALSE
	EndGlobalSection
	GlobalSection(ExtensibilityGlobals) = postSolution
		SolutionGuid = {7455B357-4E59-4265-BF50-2D5A4EF66FCA}
	EndGlobalSection
EndGlobal
