
Microsoft Visual Studio Solution File, Format Version 12.00
# Visual Studio 15
VisualStudioVersion = 15.0.27130.2027
MinimumVisualStudioVersion = 10.0.40219.1
Project("{FAE04EC0-301F-11D3-BF4B-00C04F79EFBC}") = "Todos", "Todos\Todos.csproj", "{D4023A2A-F0BE-4A81-9E12-C7B008F21180}"
EndProject
Global
	GlobalSection(SolutionConfigurationPlatforms) = preSolution
		Debug|Any CPU = Debug|Any CPU
		Release|Any CPU = Release|Any CPU
	EndGlobalSection
	GlobalSection(ProjectConfigurationPlatforms) = postSolution
		{D4023A2A-F0BE-4A81-9E12-C7B008F21180}.Debug|Any CPU.ActiveCfg = Debug|Any CPU
		{D4023A2A-F0BE-4A81-9E12-C7B008F21180}.Debug|Any CPU.Build.0 = Debug|Any CPU
		{D4023A2A-F0BE-4A81-9E12-C7B008F21180}.Release|Any CPU.ActiveCfg = Release|Any CPU
		{D4023A2A-F0BE-4A81-9E12-C7B008F21180}.Release|Any CPU.Build.0 = Release|Any CPU
	EndGlobalSection
	GlobalSection(SolutionProperties) = preSolution
		HideSolutionNode = FALSE
	EndGlobalSection
	GlobalSection(ExtensibilityGlobals) = postSolution
		SolutionGuid = {A7C8F411-DC91-4489-B26B-EFB7F7C9B42B}
	EndGlobalSection
EndGlobal
