
Microsoft Visual Studio Solution File, Format Version 12.00
# Visual Studio 15
VisualStudioVersion = 15.0.27130.2027
MinimumVisualStudioVersion = 10.0.40219.1
Project("{FAE04EC0-301F-11D3-BF4B-00C04F79EFBC}") = "FirstWebApp", "FirstWebApp\FirstWebApp.csproj", "{3CE91B53-C4CE-4771-BCBA-66D2C9F0EC25}"
EndProject
Global
	GlobalSection(SolutionConfigurationPlatforms) = preSolution
		Debug|Any CPU = Debug|Any CPU
		Release|Any CPU = Release|Any CPU
	EndGlobalSection
	GlobalSection(ProjectConfigurationPlatforms) = postSolution
		{3CE91B53-C4CE-4771-BCBA-66D2C9F0EC25}.Debug|Any CPU.ActiveCfg = Debug|Any CPU
		{3CE91B53-C4CE-4771-BCBA-66D2C9F0EC25}.Debug|Any CPU.Build.0 = Debug|Any CPU
		{3CE91B53-C4CE-4771-BCBA-66D2C9F0EC25}.Release|Any CPU.ActiveCfg = Release|Any CPU
		{3CE91B53-C4CE-4771-BCBA-66D2C9F0EC25}.Release|Any CPU.Build.0 = Release|Any CPU
	EndGlobalSection
	GlobalSection(SolutionProperties) = preSolution
		HideSolutionNode = FALSE
	EndGlobalSection
	GlobalSection(ExtensibilityGlobals) = postSolution
		SolutionGuid = {54CBD7E6-67E1-4FFD-A585-29AF14D51B82}
	EndGlobalSection
EndGlobal
