
Microsoft Visual Studio Solution File, Format Version 12.00
# Visual Studio 15
VisualStudioVersion = 15.0.27130.2027
MinimumVisualStudioVersion = 10.0.40219.1
Project("{FAE04EC0-301F-11D3-BF4B-00C04F79EFBC}") = "Bunny2.cs", "Bunny2.cs\Bunny2.cs.csproj", "{B16BD51E-8ADA-4E4F-9319-EF8EFBD57781}"
EndProject
Global
	GlobalSection(SolutionConfigurationPlatforms) = preSolution
		Debug|Any CPU = Debug|Any CPU
		Release|Any CPU = Release|Any CPU
	EndGlobalSection
	GlobalSection(ProjectConfigurationPlatforms) = postSolution
		{B16BD51E-8ADA-4E4F-9319-EF8EFBD57781}.Debug|Any CPU.ActiveCfg = Debug|Any CPU
		{B16BD51E-8ADA-4E4F-9319-EF8EFBD57781}.Debug|Any CPU.Build.0 = Debug|Any CPU
		{B16BD51E-8ADA-4E4F-9319-EF8EFBD57781}.Release|Any CPU.ActiveCfg = Release|Any CPU
		{B16BD51E-8ADA-4E4F-9319-EF8EFBD57781}.Release|Any CPU.Build.0 = Release|Any CPU
	EndGlobalSection
	GlobalSection(SolutionProperties) = preSolution
		HideSolutionNode = FALSE
	EndGlobalSection
	GlobalSection(ExtensibilityGlobals) = postSolution
		SolutionGuid = {C4A2BFA7-2BC7-465E-84C3-4CFA76B39D70}
	EndGlobalSection
EndGlobal
