
Microsoft Visual Studio Solution File, Format Version 12.00
# Visual Studio 15
VisualStudioVersion = 15.0.27130.2027
MinimumVisualStudioVersion = 10.0.40219.1
Project("{FAE04EC0-301F-11D3-BF4B-00C04F79EFBC}") = "doubling", "doubling\doubling.csproj", "{E7A50075-8B3F-465B-AA40-E124B0AA1DB8}"
EndProject
Global
	GlobalSection(SolutionConfigurationPlatforms) = preSolution
		Debug|Any CPU = Debug|Any CPU
		Release|Any CPU = Release|Any CPU
	EndGlobalSection
	GlobalSection(ProjectConfigurationPlatforms) = postSolution
		{E7A50075-8B3F-465B-AA40-E124B0AA1DB8}.Debug|Any CPU.ActiveCfg = Debug|Any CPU
		{E7A50075-8B3F-465B-AA40-E124B0AA1DB8}.Debug|Any CPU.Build.0 = Debug|Any CPU
		{E7A50075-8B3F-465B-AA40-E124B0AA1DB8}.Release|Any CPU.ActiveCfg = Release|Any CPU
		{E7A50075-8B3F-465B-AA40-E124B0AA1DB8}.Release|Any CPU.Build.0 = Release|Any CPU
	EndGlobalSection
	GlobalSection(SolutionProperties) = preSolution
		HideSolutionNode = FALSE
	EndGlobalSection
	GlobalSection(ExtensibilityGlobals) = postSolution
		SolutionGuid = {2519EE94-4384-40D8-AC6F-D0E861AA9983}
	EndGlobalSection
EndGlobal
