
Microsoft Visual Studio Solution File, Format Version 12.00
# Visual Studio 15
VisualStudioVersion = 15.0.27130.2027
MinimumVisualStudioVersion = 10.0.40219.1
Project("{FAE04EC0-301F-11D3-BF4B-00C04F79EFBC}") = "hello-user", "hello-user\hello-user.csproj", "{64DF7D51-1FD5-4C4E-93BF-B8D1D708F98D}"
EndProject
Global
	GlobalSection(SolutionConfigurationPlatforms) = preSolution
		Debug|Any CPU = Debug|Any CPU
		Release|Any CPU = Release|Any CPU
	EndGlobalSection
	GlobalSection(ProjectConfigurationPlatforms) = postSolution
		{64DF7D51-1FD5-4C4E-93BF-B8D1D708F98D}.Debug|Any CPU.ActiveCfg = Debug|Any CPU
		{64DF7D51-1FD5-4C4E-93BF-B8D1D708F98D}.Debug|Any CPU.Build.0 = Debug|Any CPU
		{64DF7D51-1FD5-4C4E-93BF-B8D1D708F98D}.Release|Any CPU.ActiveCfg = Release|Any CPU
		{64DF7D51-1FD5-4C4E-93BF-B8D1D708F98D}.Release|Any CPU.Build.0 = Release|Any CPU
	EndGlobalSection
	GlobalSection(SolutionProperties) = preSolution
		HideSolutionNode = FALSE
	EndGlobalSection
	GlobalSection(ExtensibilityGlobals) = postSolution
		SolutionGuid = {8AD7B905-925F-4040-A5EF-050F1533DEE4}
	EndGlobalSection
EndGlobal
