
Microsoft Visual Studio Solution File, Format Version 12.00
# Visual Studio 15
VisualStudioVersion = 15.0.27130.2027
MinimumVisualStudioVersion = 10.0.40219.1
Project("{FAE04EC0-301F-11D3-BF4B-00C04F79EFBC}") = "ExtensionTests", "Extension\ExtensionTests.csproj", "{56DC3F91-7394-46D8-B1CD-7105E4BA5D4E}"
EndProject
Project("{FAE04EC0-301F-11D3-BF4B-00C04F79EFBC}") = "MyTests", "MyTests\MyTests.csproj", "{B1CC016A-4185-46E6-B9EA-1F960E5CB9AA}"
EndProject
Global
	GlobalSection(SolutionConfigurationPlatforms) = preSolution
		Debug|Any CPU = Debug|Any CPU
		Release|Any CPU = Release|Any CPU
	EndGlobalSection
	GlobalSection(ProjectConfigurationPlatforms) = postSolution
		{56DC3F91-7394-46D8-B1CD-7105E4BA5D4E}.Debug|Any CPU.ActiveCfg = Debug|Any CPU
		{56DC3F91-7394-46D8-B1CD-7105E4BA5D4E}.Debug|Any CPU.Build.0 = Debug|Any CPU
		{56DC3F91-7394-46D8-B1CD-7105E4BA5D4E}.Release|Any CPU.ActiveCfg = Release|Any CPU
		{56DC3F91-7394-46D8-B1CD-7105E4BA5D4E}.Release|Any CPU.Build.0 = Release|Any CPU
		{B1CC016A-4185-46E6-B9EA-1F960E5CB9AA}.Debug|Any CPU.ActiveCfg = Debug|Any CPU
		{B1CC016A-4185-46E6-B9EA-1F960E5CB9AA}.Debug|Any CPU.Build.0 = Debug|Any CPU
		{B1CC016A-4185-46E6-B9EA-1F960E5CB9AA}.Release|Any CPU.ActiveCfg = Release|Any CPU
		{B1CC016A-4185-46E6-B9EA-1F960E5CB9AA}.Release|Any CPU.Build.0 = Release|Any CPU
	EndGlobalSection
	GlobalSection(SolutionProperties) = preSolution
		HideSolutionNode = FALSE
	EndGlobalSection
	GlobalSection(ExtensibilityGlobals) = postSolution
		SolutionGuid = {B51A7310-B403-40AF-BD63-18F164BB5C17}
	EndGlobalSection
EndGlobal
