
Microsoft Visual Studio Solution File, Format Version 12.00
# Visual Studio 15
VisualStudioVersion = 15.0.27428.2037
MinimumVisualStudioVersion = 10.0.40219.1
Project("{FAE04EC0-301F-11D3-BF4B-00C04F79EFBC}") = "CorsacExamTry2", "CorsacExamTry2\CorsacExamTry2.csproj", "{3F147450-627D-432B-9C53-EE51A62BEEA0}"
EndProject
Global
	GlobalSection(SolutionConfigurationPlatforms) = preSolution
		Debug|Any CPU = Debug|Any CPU
		Release|Any CPU = Release|Any CPU
	EndGlobalSection
	GlobalSection(ProjectConfigurationPlatforms) = postSolution
		{3F147450-627D-432B-9C53-EE51A62BEEA0}.Debug|Any CPU.ActiveCfg = Debug|Any CPU
		{3F147450-627D-432B-9C53-EE51A62BEEA0}.Debug|Any CPU.Build.0 = Debug|Any CPU
		{3F147450-627D-432B-9C53-EE51A62BEEA0}.Release|Any CPU.ActiveCfg = Release|Any CPU
		{3F147450-627D-432B-9C53-EE51A62BEEA0}.Release|Any CPU.Build.0 = Release|Any CPU
	EndGlobalSection
	GlobalSection(SolutionProperties) = preSolution
		HideSolutionNode = FALSE
	EndGlobalSection
	GlobalSection(ExtensibilityGlobals) = postSolution
		SolutionGuid = {599A331B-5D54-4E5F-9540-348757C122AD}
	EndGlobalSection
EndGlobal
