
Microsoft Visual Studio Solution File, Format Version 12.00
# Visual Studio 15
VisualStudioVersion = 15.0.27130.2027
MinimumVisualStudioVersion = 10.0.40219.1
Project("{FAE04EC0-301F-11D3-BF4B-00C04F79EFBC}") = "Counter", "Counter\Counter.csproj", "{A07C19F6-F2D7-4B37-BDBB-A61902F42A46}"
EndProject
Global
	GlobalSection(SolutionConfigurationPlatforms) = preSolution
		Debug|Any CPU = Debug|Any CPU
		Release|Any CPU = Release|Any CPU
	EndGlobalSection
	GlobalSection(ProjectConfigurationPlatforms) = postSolution
		{A07C19F6-F2D7-4B37-BDBB-A61902F42A46}.Debug|Any CPU.ActiveCfg = Debug|Any CPU
		{A07C19F6-F2D7-4B37-BDBB-A61902F42A46}.Debug|Any CPU.Build.0 = Debug|Any CPU
		{A07C19F6-F2D7-4B37-BDBB-A61902F42A46}.Release|Any CPU.ActiveCfg = Release|Any CPU
		{A07C19F6-F2D7-4B37-BDBB-A61902F42A46}.Release|Any CPU.Build.0 = Release|Any CPU
	EndGlobalSection
	GlobalSection(SolutionProperties) = preSolution
		HideSolutionNode = FALSE
	EndGlobalSection
	GlobalSection(ExtensibilityGlobals) = postSolution
		SolutionGuid = {028C50E2-ECC4-4C29-843B-1682EE9F73EC}
	EndGlobalSection
EndGlobal
