
Microsoft Visual Studio Solution File, Format Version 12.00
# Visual Studio 15
VisualStudioVersion = 15.0.27130.2027
MinimumVisualStudioVersion = 10.0.40219.1
Project("{FAE04EC0-301F-11D3-BF4B-00C04F79EFBC}") = "variable-mutation", "variable-mutation\variable-mutation.csproj", "{8C0B1AB0-2552-4D35-B3CE-D0E9481F026D}"
EndProject
Global
	GlobalSection(SolutionConfigurationPlatforms) = preSolution
		Debug|Any CPU = Debug|Any CPU
		Release|Any CPU = Release|Any CPU
	EndGlobalSection
	GlobalSection(ProjectConfigurationPlatforms) = postSolution
		{8C0B1AB0-2552-4D35-B3CE-D0E9481F026D}.Debug|Any CPU.ActiveCfg = Debug|Any CPU
		{8C0B1AB0-2552-4D35-B3CE-D0E9481F026D}.Debug|Any CPU.Build.0 = Debug|Any CPU
		{8C0B1AB0-2552-4D35-B3CE-D0E9481F026D}.Release|Any CPU.ActiveCfg = Release|Any CPU
		{8C0B1AB0-2552-4D35-B3CE-D0E9481F026D}.Release|Any CPU.Build.0 = Release|Any CPU
	EndGlobalSection
	GlobalSection(SolutionProperties) = preSolution
		HideSolutionNode = FALSE
	EndGlobalSection
	GlobalSection(ExtensibilityGlobals) = postSolution
		SolutionGuid = {DF5297DE-235E-4221-94A9-5F0576B32011}
	EndGlobalSection
EndGlobal
