
Microsoft Visual Studio Solution File, Format Version 12.00
# Visual Studio 15
VisualStudioVersion = 15.0.27130.2027
MinimumVisualStudioVersion = 10.0.40219.1
Project("{FAE04EC0-301F-11D3-BF4B-00C04F79EFBC}") = "count-from-to", "count-from-to\count-from-to.csproj", "{465EC1DA-B1B3-4A50-9264-E42023B22647}"
EndProject
Global
	GlobalSection(SolutionConfigurationPlatforms) = preSolution
		Debug|Any CPU = Debug|Any CPU
		Release|Any CPU = Release|Any CPU
	EndGlobalSection
	GlobalSection(ProjectConfigurationPlatforms) = postSolution
		{465EC1DA-B1B3-4A50-9264-E42023B22647}.Debug|Any CPU.ActiveCfg = Debug|Any CPU
		{465EC1DA-B1B3-4A50-9264-E42023B22647}.Debug|Any CPU.Build.0 = Debug|Any CPU
		{465EC1DA-B1B3-4A50-9264-E42023B22647}.Release|Any CPU.ActiveCfg = Release|Any CPU
		{465EC1DA-B1B3-4A50-9264-E42023B22647}.Release|Any CPU.Build.0 = Release|Any CPU
	EndGlobalSection
	GlobalSection(SolutionProperties) = preSolution
		HideSolutionNode = FALSE
	EndGlobalSection
	GlobalSection(ExtensibilityGlobals) = postSolution
		SolutionGuid = {E0B57D3A-0C1A-4D8A-A838-C100C65DC821}
	EndGlobalSection
EndGlobal
