
Microsoft Visual Studio Solution File, Format Version 12.00
# Visual Studio 15
VisualStudioVersion = 15.0.27130.2027
MinimumVisualStudioVersion = 10.0.40219.1
Project("{FAE04EC0-301F-11D3-BF4B-00C04F79EFBC}") = "CA", "CA\CA.csproj", "{C4FBC17C-5EEA-4727-B6BE-7AB6BD382A5C}"
EndProject
Project("{FAE04EC0-301F-11D3-BF4B-00C04F79EFBC}") = "MyTests", "MyTests\MyTests.csproj", "{381BF95A-962A-4ABF-A26D-0BE030B7B701}"
EndProject
Global
	GlobalSection(SolutionConfigurationPlatforms) = preSolution
		Debug|Any CPU = Debug|Any CPU
		Release|Any CPU = Release|Any CPU
	EndGlobalSection
	GlobalSection(ProjectConfigurationPlatforms) = postSolution
		{C4FBC17C-5EEA-4727-B6BE-7AB6BD382A5C}.Debug|Any CPU.ActiveCfg = Debug|Any CPU
		{C4FBC17C-5EEA-4727-B6BE-7AB6BD382A5C}.Debug|Any CPU.Build.0 = Debug|Any CPU
		{C4FBC17C-5EEA-4727-B6BE-7AB6BD382A5C}.Release|Any CPU.ActiveCfg = Release|Any CPU
		{C4FBC17C-5EEA-4727-B6BE-7AB6BD382A5C}.Release|Any CPU.Build.0 = Release|Any CPU
		{381BF95A-962A-4ABF-A26D-0BE030B7B701}.Debug|Any CPU.ActiveCfg = Debug|Any CPU
		{381BF95A-962A-4ABF-A26D-0BE030B7B701}.Debug|Any CPU.Build.0 = Debug|Any CPU
		{381BF95A-962A-4ABF-A26D-0BE030B7B701}.Release|Any CPU.ActiveCfg = Release|Any CPU
		{381BF95A-962A-4ABF-A26D-0BE030B7B701}.Release|Any CPU.Build.0 = Release|Any CPU
	EndGlobalSection
	GlobalSection(SolutionProperties) = preSolution
		HideSolutionNode = FALSE
	EndGlobalSection
	GlobalSection(ExtensibilityGlobals) = postSolution
		SolutionGuid = {39C290C7-E413-4E64-9153-3001B32EB156}
	EndGlobalSection
EndGlobal
