
Microsoft Visual Studio Solution File, Format Version 12.00
# Visual Studio 15
VisualStudioVersion = 15.0.27130.2027
MinimumVisualStudioVersion = 10.0.40219.1
Project("{FAE04EC0-301F-11D3-BF4B-00C04F79EFBC}") = "greet", "greet\greet.csproj", "{FF827442-81CC-441D-9423-4AFC5BA88C0C}"
EndProject
Global
	GlobalSection(SolutionConfigurationPlatforms) = preSolution
		Debug|Any CPU = Debug|Any CPU
		Release|Any CPU = Release|Any CPU
	EndGlobalSection
	GlobalSection(ProjectConfigurationPlatforms) = postSolution
		{FF827442-81CC-441D-9423-4AFC5BA88C0C}.Debug|Any CPU.ActiveCfg = Debug|Any CPU
		{FF827442-81CC-441D-9423-4AFC5BA88C0C}.Debug|Any CPU.Build.0 = Debug|Any CPU
		{FF827442-81CC-441D-9423-4AFC5BA88C0C}.Release|Any CPU.ActiveCfg = Release|Any CPU
		{FF827442-81CC-441D-9423-4AFC5BA88C0C}.Release|Any CPU.Build.0 = Release|Any CPU
	EndGlobalSection
	GlobalSection(SolutionProperties) = preSolution
		HideSolutionNode = FALSE
	EndGlobalSection
	GlobalSection(ExtensibilityGlobals) = postSolution
		SolutionGuid = {C5C77790-8125-4951-9791-E9132662CA0D}
	EndGlobalSection
EndGlobal
