
Microsoft Visual Studio Solution File, Format Version 12.00
# Visual Studio 15
VisualStudioVersion = 15.0.27130.2027
MinimumVisualStudioVersion = 10.0.40219.1
Project("{FAE04EC0-301F-11D3-BF4B-00C04F79EFBC}") = "Blog", "Blog\Blog.csproj", "{1EEEC6BE-3924-463F-8E65-9EF4D5C1A160}"
EndProject
Global
	GlobalSection(SolutionConfigurationPlatforms) = preSolution
		Debug|Any CPU = Debug|Any CPU
		Release|Any CPU = Release|Any CPU
	EndGlobalSection
	GlobalSection(ProjectConfigurationPlatforms) = postSolution
		{1EEEC6BE-3924-463F-8E65-9EF4D5C1A160}.Debug|Any CPU.ActiveCfg = Debug|Any CPU
		{1EEEC6BE-3924-463F-8E65-9EF4D5C1A160}.Debug|Any CPU.Build.0 = Debug|Any CPU
		{1EEEC6BE-3924-463F-8E65-9EF4D5C1A160}.Release|Any CPU.ActiveCfg = Release|Any CPU
		{1EEEC6BE-3924-463F-8E65-9EF4D5C1A160}.Release|Any CPU.Build.0 = Release|Any CPU
	EndGlobalSection
	GlobalSection(SolutionProperties) = preSolution
		HideSolutionNode = FALSE
	EndGlobalSection
	GlobalSection(ExtensibilityGlobals) = postSolution
		SolutionGuid = {B0E277C7-5E99-436D-A649-7E4B084798EC}
	EndGlobalSection
EndGlobal
