
Microsoft Visual Studio Solution File, Format Version 12.00
# Visual Studio 15
VisualStudioVersion = 15.0.27130.2027
MinimumVisualStudioVersion = 10.0.40219.1
Project("{FAE04EC0-301F-11D3-BF4B-00C04F79EFBC}") = "SumDigit", "SumDigit\SumDigit.csproj", "{873E4401-D208-434F-9BDB-84C919B6806F}"
EndProject
Global
	GlobalSection(SolutionConfigurationPlatforms) = preSolution
		Debug|Any CPU = Debug|Any CPU
		Release|Any CPU = Release|Any CPU
	EndGlobalSection
	GlobalSection(ProjectConfigurationPlatforms) = postSolution
		{873E4401-D208-434F-9BDB-84C919B6806F}.Debug|Any CPU.ActiveCfg = Debug|Any CPU
		{873E4401-D208-434F-9BDB-84C919B6806F}.Debug|Any CPU.Build.0 = Debug|Any CPU
		{873E4401-D208-434F-9BDB-84C919B6806F}.Release|Any CPU.ActiveCfg = Release|Any CPU
		{873E4401-D208-434F-9BDB-84C919B6806F}.Release|Any CPU.Build.0 = Release|Any CPU
	EndGlobalSection
	GlobalSection(SolutionProperties) = preSolution
		HideSolutionNode = FALSE
	EndGlobalSection
	GlobalSection(ExtensibilityGlobals) = postSolution
		SolutionGuid = {F16EAE0A-01C0-41BA-A874-F5E3C68BE9F2}
	EndGlobalSection
EndGlobal
