
Microsoft Visual Studio Solution File, Format Version 12.00
# Visual Studio 15
VisualStudioVersion = 15.0.27130.2027
MinimumVisualStudioVersion = 10.0.40219.1
Project("{FAE04EC0-301F-11D3-BF4B-00C04F79EFBC}") = "GardenApp", "GardenApp\GardenApp.csproj", "{8E4766AE-ED2B-4EBF-BD68-A3C4232F2573}"
EndProject
Global
	GlobalSection(SolutionConfigurationPlatforms) = preSolution
		Debug|Any CPU = Debug|Any CPU
		Release|Any CPU = Release|Any CPU
	EndGlobalSection
	GlobalSection(ProjectConfigurationPlatforms) = postSolution
		{8E4766AE-ED2B-4EBF-BD68-A3C4232F2573}.Debug|Any CPU.ActiveCfg = Debug|Any CPU
		{8E4766AE-ED2B-4EBF-BD68-A3C4232F2573}.Debug|Any CPU.Build.0 = Debug|Any CPU
		{8E4766AE-ED2B-4EBF-BD68-A3C4232F2573}.Release|Any CPU.ActiveCfg = Release|Any CPU
		{8E4766AE-ED2B-4EBF-BD68-A3C4232F2573}.Release|Any CPU.Build.0 = Release|Any CPU
	EndGlobalSection
	GlobalSection(SolutionProperties) = preSolution
		HideSolutionNode = FALSE
	EndGlobalSection
	GlobalSection(ExtensibilityGlobals) = postSolution
		SolutionGuid = {4B4000B7-99F5-4F03-9A42-DB63FB9DBED8}
	EndGlobalSection
EndGlobal
