
Microsoft Visual Studio Solution File, Format Version 12.00
# Visual Studio 15
VisualStudioVersion = 15.0.27130.2027
MinimumVisualStudioVersion = 10.0.40219.1
Project("{FAE04EC0-301F-11D3-BF4B-00C04F79EFBC}") = "IfStatementsWorkshop", "IfStatementsWorkshop\IfStatementsWorkshop.csproj", "{70FFF422-C50F-4FDF-B6F3-E5BF6F8612EA}"
EndProject
Global
	GlobalSection(SolutionConfigurationPlatforms) = preSolution
		Debug|Any CPU = Debug|Any CPU
		Release|Any CPU = Release|Any CPU
	EndGlobalSection
	GlobalSection(ProjectConfigurationPlatforms) = postSolution
		{70FFF422-C50F-4FDF-B6F3-E5BF6F8612EA}.Debug|Any CPU.ActiveCfg = Debug|Any CPU
		{70FFF422-C50F-4FDF-B6F3-E5BF6F8612EA}.Debug|Any CPU.Build.0 = Debug|Any CPU
		{70FFF422-C50F-4FDF-B6F3-E5BF6F8612EA}.Release|Any CPU.ActiveCfg = Release|Any CPU
		{70FFF422-C50F-4FDF-B6F3-E5BF6F8612EA}.Release|Any CPU.Build.0 = Release|Any CPU
	EndGlobalSection
	GlobalSection(SolutionProperties) = preSolution
		HideSolutionNode = FALSE
	EndGlobalSection
	GlobalSection(ExtensibilityGlobals) = postSolution
		SolutionGuid = {251CF61C-011C-4236-BD42-38CCEC78DEA1}
	EndGlobalSection
EndGlobal
